PODS:
  - ObjectiveDropboxOfficial (7.4.1)

DEPENDENCIES:
  - ObjectiveDropboxOfficial

SPEC REPOS:
  trunk:
    - ObjectiveDropboxOfficial

SPEC CHECKSUMS:
  ObjectiveDropboxOfficial: 8699fa65969a94f8305d8dabf9c9a8dd856ac598

PODFILE CHECKSUM: 4d2f0f91f48989221c9f8ec5525875a7a6320274

COCOAPODS: 1.15.2
