PODS:
  - ObjectiveDropboxOfficial (7.2.0)

DEPENDENCIES:
  - ObjectiveDropboxOfficial

SPEC REPOS:
  trunk:
    - ObjectiveDropboxOfficial

SPEC CHECKSUMS:
  ObjectiveDropboxOfficial: 3dba00f6d697f300321ae40f1f54223518c1fd86

PODFILE CHECKSUM: 4d2f0f91f48989221c9f8ec5525875a7a6320274

COCOAPODS: 1.15.2
