PODS:
  - ObjectiveDropboxOfficial (7.3.1)

DEPENDENCIES:
  - ObjectiveDropboxOfficial

SPEC REPOS:
  trunk:
    - ObjectiveDropboxOfficial

SPEC CHECKSUMS:
  ObjectiveDropboxOfficial: 12fa0e80221f1cbc3a3bfd0be5c4451882d08d9f

PODFILE CHECKSUM: 4f9fa56a4202c10a3e1c032772cc0ce3d8fa5680

COCOAPODS: 1.15.2
