PODS:
  - ObjectiveDropboxOfficial (7.4.1)

DEPENDENCIES:
  - ObjectiveDropboxOfficial

SPEC REPOS:
  trunk:
    - ObjectiveDropboxOfficial

SPEC CHECKSUMS:
  ObjectiveDropboxOfficial: 8699fa65969a94f8305d8dabf9c9a8dd856ac598

PODFILE CHECKSUM: 4f9fa56a4202c10a3e1c032772cc0ce3d8fa5680

COCOAPODS: 1.15.2
